{
  "name": "@superflycss/pli",
  "version": "1.2.0",
  "lockfileVersion": 1,
  "requires": true,
  "dependencies": {
    "glob-patterns": {
      "version": "0.0.1",
      "resolved": "https://registry.npmjs.org/glob-patterns/-/glob-patterns-0.0.1.tgz",
      "integrity": "sha1-wlpXzEv7gu7wKhrYABz7ICe3n5M="
    }
  }
}
